
Microsoft Visual Studio Solution File, Format Version 12.00
# Visual Studio Version 17
VisualStudioVersion = 17.13.35931.197 d17.13
MinimumVisualStudioVersion = 10.0.40219.1
Project("{FAE04EC0-301F-11D3-BF4B-00C04F79EFBC}") = "LoginData", "LoginData.csproj", "{C3EC4CF0-633F-4C9E-8949-B976D4F8FDDA}"
EndProject
Global
	GlobalSection(SolutionConfigurationPlatforms) = preSolution
		Debug|Any CPU = Debug|Any CPU
		Release|Any CPU = Release|Any CPU
	EndGlobalSection
	GlobalSection(ProjectConfigurationPlatforms) = postSolution
		{C3EC4CF0-633F-4C9E-8949-B976D4F8FDDA}.Debug|Any CPU.ActiveCfg = Debug|Any CPU
		{C3EC4CF0-633F-4C9E-8949-B976D4F8FDDA}.Debug|Any CPU.Build.0 = Debug|Any CPU
		{C3EC4CF0-633F-4C9E-8949-B976D4F8FDDA}.Release|Any CPU.ActiveCfg = Release|Any CPU
		{C3EC4CF0-633F-4C9E-8949-B976D4F8FDDA}.Release|Any CPU.Build.0 = Release|Any CPU
	EndGlobalSection
	GlobalSection(SolutionProperties) = preSolution
		HideSolutionNode = FALSE
	EndGlobalSection
	GlobalSection(ExtensibilityGlobals) = postSolution
		SolutionGuid = {943AF42B-0251-45F5-8BCF-2F81F57C37A4}
	EndGlobalSection
EndGlobal
